
Microsoft Visual Studio Solution File, Format Version 12.00
# Visual Studio Version 17
VisualStudioVersion = 17.11.35219.272
MinimumVisualStudioVersion = 10.0.40219.1
Project("{FAE04EC0-301F-11D3-BF4B-00C04F79EFBC}") = "Lista", "Lista\Lista.csproj", "{FAA17DC5-7628-4309-9E73-FBA47DB494AA}"
EndProject
Global
	GlobalSection(SolutionConfigurationPlatforms) = preSolution
		Debug|Any CPU = Debug|Any CPU
		Release|Any CPU = Release|Any CPU
	EndGlobalSection
	GlobalSection(ProjectConfigurationPlatforms) = postSolution
		{FAA17DC5-7628-4309-9E73-FBA47DB494AA}.Debug|Any CPU.ActiveCfg = Debug|Any CPU
		{FAA17DC5-7628-4309-9E73-FBA47DB494AA}.Debug|Any CPU.Build.0 = Debug|Any CPU
		{FAA17DC5-7628-4309-9E73-FBA47DB494AA}.Release|Any CPU.ActiveCfg = Release|Any CPU
		{FAA17DC5-7628-4309-9E73-FBA47DB494AA}.Release|Any CPU.Build.0 = Release|Any CPU
	EndGlobalSection
	GlobalSection(SolutionProperties) = preSolution
		HideSolutionNode = FALSE
	EndGlobalSection
	GlobalSection(ExtensibilityGlobals) = postSolution
		SolutionGuid = {C39108C3-F4FC-4797-A2EE-D0544D1C7699}
	EndGlobalSection
EndGlobal
